
Microsoft Visual Studio Solution File, Format Version 12.00
# Visual Studio 14
VisualStudioVersion = 14.0.24720.0
MinimumVisualStudioVersion = 10.0.40219.1
Project("{FAE04EC0-301F-11D3-BF4B-00C04F79EFBC}") = "WebUploaderMvc", "WebUploaderMvc\WebUploaderMvc.csproj", "{AE310755-8C80-46F7-B8CD-1A7875906239}"
EndProject
Global
	GlobalSection(SolutionConfigurationPlatforms) = preSolution
		Debug|Any CPU = Debug|Any CPU
		Release|Any CPU = Release|Any CPU
	EndGlobalSection
	GlobalSection(ProjectConfigurationPlatforms) = postSolution
		{AE310755-8C80-46F7-B8CD-1A7875906239}.Debug|Any CPU.ActiveCfg = Debug|Any CPU
		{AE310755-8C80-46F7-B8CD-1A7875906239}.Debug|Any CPU.Build.0 = Debug|Any CPU
		{AE310755-8C80-46F7-B8CD-1A7875906239}.Release|Any CPU.ActiveCfg = Release|Any CPU
		{AE310755-8C80-46F7-B8CD-1A7875906239}.Release|Any CPU.Build.0 = Release|Any CPU
	EndGlobalSection
	GlobalSection(SolutionProperties) = preSolution
		HideSolutionNode = FALSE
	EndGlobalSection
EndGlobal
